// !$*UTF8*$!
{
	archiveVersion = 1;
	classes = {
	};
	objectVersion = 46;
	objects = {

/* Begin PBXBuildFile section */
		D60F838D1569414B002DF94B /* HomeViewController.m in Sources */ = {isa = PBXBuildFile; fileRef = D60F838C1569414B002DF94B /* HomeViewController.m */; };
		D60F8390156949DD002DF94B /* HomeInfoView.m in Sources */ = {isa = PBXBuildFile; fileRef = D60F838F156949DD002DF94B /* HomeInfoView.m */; };
		D60F83931569567E002DF94B /* Thing.m in Sources */ = {isa = PBXBuildFile; fileRef = D60F83921569567E002DF94B /* Thing.m */; };
		D60F83971569619A002DF94B /* NSString+QueryString.m in Sources */ = {isa = PBXBuildFile; fileRef = D60F83961569619A002DF94B /* NSString+QueryString.m */; };
		D60F839E15743C18002DF94B /* NSString+TimeInterval.m in Sources */ = {isa = PBXBuildFile; fileRef = D60F839D15743C18002DF94B /* NSString+TimeInterval.m */; };
		D612B94A156C5BE000CC5199 /* HomeInfoViewTableCell.m in Sources */ = {isa = PBXBuildFile; fileRef = D612B949156C5BE000CC5199 /* HomeInfoViewTableCell.m */; };
		D612B94D156C5EDD00CC5199 /* HomeInfoViewTableCell.xib in Resources */ = {isa = PBXBuildFile; fileRef = D612B94C156C5EDD00CC5199 /* HomeInfoViewTableCell.xib */; };
		D6411E961561BB080056665A /* DataProvider.m in Sources */ = {isa = PBXBuildFile; fileRef = D6411E951561BB080056665A /* DataProvider.m */; };
		D6411E991561BBE40056665A /* User.m in Sources */ = {isa = PBXBuildFile; fileRef = D6411E981561BBE40056665A /* User.m */; };
		D64E970D1561B25400B7A864 /* UIKit.framework in Frameworks */ = {isa = PBXBuildFile; fileRef = D64E970C1561B25400B7A864 /* UIKit.framework */; };
		D64E970F1561B25400B7A864 /* Foundation.framework in Frameworks */ = {isa = PBXBuildFile; fileRef = D64E970E1561B25400B7A864 /* Foundation.framework */; };
		D64E97111561B25400B7A864 /* CoreGraphics.framework in Frameworks */ = {isa = PBXBuildFile; fileRef = D64E97101561B25400B7A864 /* CoreGraphics.framework */; };
		D64E97171561B25400B7A864 /* InfoPlist.strings in Resources */ = {isa = PBXBuildFile; fileRef = D64E97151561B25400B7A864 /* InfoPlist.strings */; };
		D64E97191561B25400B7A864 /* main.m in Sources */ = {isa = PBXBuildFile; fileRef = D64E97181561B25400B7A864 /* main.m */; };
		D64E971D1561B25400B7A864 /* AppDelegate.m in Sources */ = {isa = PBXBuildFile; fileRef = D64E971C1561B25400B7A864 /* AppDelegate.m */; };
		D64E97201561B25400B7A864 /* MainStoryboard.storyboard in Resources */ = {isa = PBXBuildFile; fileRef = D64E971E1561B25400B7A864 /* MainStoryboard.storyboard */; };
		D64E97231561B25400B7A864 /* AuthenticationViewController.m in Sources */ = {isa = PBXBuildFile; fileRef = D64E97221561B25400B7A864 /* AuthenticationViewController.m */; };
		D64E97321561B2E100B7A864 /* Query.m in Sources */ = {isa = PBXBuildFile; fileRef = D64E972D1561B2E100B7A864 /* Query.m */; };
		D64E97331561B2E100B7A864 /* QueryManager.m in Sources */ = {isa = PBXBuildFile; fileRef = D64E972F1561B2E100B7A864 /* QueryManager.m */; };
		D64E97341561B2E100B7A864 /* URLCache.m in Sources */ = {isa = PBXBuildFile; fileRef = D64E97311561B2E100B7A864 /* URLCache.m */; };
		D682DB7A1567EF7900DE57B3 /* SubReddit.m in Sources */ = {isa = PBXBuildFile; fileRef = D682DB791567EF7900DE57B3 /* SubReddit.m */; };
		D6B706CA1561C31000F8C35E /* JSONKit.m in Sources */ = {isa = PBXBuildFile; fileRef = D6B706C91561C31000F8C35E /* JSONKit.m */; };
/* End PBXBuildFile section */

/* Begin PBXFileReference section */
		D60F838B1569414B002DF94B /* HomeViewController.h */ = {isa = PBXFileReference; fileEncoding = 4; lastKnownFileType = sourcecode.c.h; path = HomeViewController.h; sourceTree = "<group>"; };
		D60F838C1569414B002DF94B /* HomeViewController.m */ = {isa = PBXFileReference; fileEncoding = 4; lastKnownFileType = sourcecode.c.objc; path = HomeViewController.m; sourceTree = "<group>"; };
		D60F838E156949DD002DF94B /* HomeInfoView.h */ = {isa = PBXFileReference; fileEncoding = 4; lastKnownFileType = sourcecode.c.h; path = HomeInfoView.h; sourceTree = "<group>"; };
		D60F838F156949DD002DF94B /* HomeInfoView.m */ = {isa = PBXFileReference; fileEncoding = 4; lastKnownFileType = sourcecode.c.objc; path = HomeInfoView.m; sourceTree = "<group>"; };
		D60F83911569567E002DF94B /* Thing.h */ = {isa = PBXFileReference; fileEncoding = 4; lastKnownFileType = sourcecode.c.h; path = Thing.h; sourceTree = "<group>"; };
		D60F83921569567E002DF94B /* Thing.m */ = {isa = PBXFileReference; fileEncoding = 4; lastKnownFileType = sourcecode.c.objc; path = Thing.m; sourceTree = "<group>"; };
		D60F83951569619A002DF94B /* NSString+QueryString.h */ = {isa = PBXFileReference; fileEncoding = 4; lastKnownFileType = sourcecode.c.h; path = "NSString+QueryString.h"; sourceTree = "<group>"; };
		D60F83961569619A002DF94B /* NSString+QueryString.m */ = {isa = PBXFileReference; fileEncoding = 4; lastKnownFileType = sourcecode.c.objc; path = "NSString+QueryString.m"; sourceTree = "<group>"; };
		D60F839C15743C18002DF94B /* NSString+TimeInterval.h */ = {isa = PBXFileReference; fileEncoding = 4; lastKnownFileType = sourcecode.c.h; path = "NSString+TimeInterval.h"; sourceTree = "<group>"; };
		D60F839D15743C18002DF94B /* NSString+TimeInterval.m */ = {isa = PBXFileReference; fileEncoding = 4; lastKnownFileType = sourcecode.c.objc; path = "NSString+TimeInterval.m"; sourceTree = "<group>"; };
		D612B948156C5BE000CC5199 /* HomeInfoViewTableCell.h */ = {isa = PBXFileReference; fileEncoding = 4; lastKnownFileType = sourcecode.c.h; path = HomeInfoViewTableCell.h; sourceTree = "<group>"; };
		D612B949156C5BE000CC5199 /* HomeInfoViewTableCell.m */ = {isa = PBXFileReference; fileEncoding = 4; lastKnownFileType = sourcecode.c.objc; path = HomeInfoViewTableCell.m; sourceTree = "<group>"; };
		D612B94C156C5EDD00CC5199 /* HomeInfoViewTableCell.xib */ = {isa = PBXFileReference; fileEncoding = 4; lastKnownFileType = file.xib; path = HomeInfoViewTableCell.xib; sourceTree = "<group>"; };
		D62A10B61561E50D007DC36C /* DataProvider+private.h */ = {isa = PBXFileReference; fileEncoding = 4; lastKnownFileType = sourcecode.c.h; path = "DataProvider+private.h"; sourceTree = "<group>"; };
		D6411E941561BB080056665A /* DataProvider.h */ = {isa = PBXFileReference; fileEncoding = 4; lastKnownFileType = sourcecode.c.h; path = DataProvider.h; sourceTree = "<group>"; };
		D6411E951561BB080056665A /* DataProvider.m */ = {isa = PBXFileReference; fileEncoding = 4; lastKnownFileType = sourcecode.c.objc; path = DataProvider.m; sourceTree = "<group>"; };
		D6411E971561BBE40056665A /* User.h */ = {isa = PBXFileReference; fileEncoding = 4; lastKnownFileType = sourcecode.c.h; path = User.h; sourceTree = "<group>"; };
		D6411E981561BBE40056665A /* User.m */ = {isa = PBXFileReference; fileEncoding = 4; lastKnownFileType = sourcecode.c.objc; path = User.m; sourceTree = "<group>"; };
		D64E97081561B25400B7A864 /* RB1.app */ = {isa = PBXFileReference; explicitFileType = wrapper.application; includeInIndex = 0; path = RB1.app; sourceTree = BUILT_PRODUCTS_DIR; };
		D64E970C1561B25400B7A864 /* UIKit.framework */ = {isa = PBXFileReference; lastKnownFileType = wrapper.framework; name = UIKit.framework; path = System/Library/Frameworks/UIKit.framework; sourceTree = SDKROOT; };
		D64E970E1561B25400B7A864 /* Foundation.framework */ = {isa = PBXFileReference; lastKnownFileType = wrapper.framework; name = Foundation.framework; path = System/Library/Frameworks/Foundation.framework; sourceTree = SDKROOT; };
		D64E97101561B25400B7A864 /* CoreGraphics.framework */ = {isa = PBXFileReference; lastKnownFileType = wrapper.framework; name = CoreGraphics.framework; path = System/Library/Frameworks/CoreGraphics.framework; sourceTree = SDKROOT; };
		D64E97141561B25400B7A864 /* RB1-Info.plist */ = {isa = PBXFileReference; lastKnownFileType = text.plist.xml; path = "RB1-Info.plist"; sourceTree = "<group>"; };
		D64E97161561B25400B7A864 /* en */ = {isa = PBXFileReference; lastKnownFileType = text.plist.strings; name = en; path = en.lproj/InfoPlist.strings; sourceTree = "<group>"; };
		D64E97181561B25400B7A864 /* main.m */ = {isa = PBXFileReference; lastKnownFileType = sourcecode.c.objc; path = main.m; sourceTree = "<group>"; };
		D64E971A1561B25400B7A864 /* RB1-Prefix.pch */ = {isa = PBXFileReference; lastKnownFileType = sourcecode.c.h; path = "RB1-Prefix.pch"; sourceTree = "<group>"; };
		D64E971B1561B25400B7A864 /* AppDelegate.h */ = {isa = PBXFileReference; lastKnownFileType = sourcecode.c.h; path = AppDelegate.h; sourceTree = "<group>"; };
		D64E971C1561B25400B7A864 /* AppDelegate.m */ = {isa = PBXFileReference; lastKnownFileType = sourcecode.c.objc; path = AppDelegate.m; sourceTree = "<group>"; };
		D64E971F1561B25400B7A864 /* en */ = {isa = PBXFileReference; lastKnownFileType = file.storyboard; name = en; path = en.lproj/MainStoryboard.storyboard; sourceTree = "<group>"; };
		D64E97211561B25400B7A864 /* AuthenticationViewController.h */ = {isa = PBXFileReference; lastKnownFileType = sourcecode.c.h; path = AuthenticationViewController.h; sourceTree = "<group>"; };
		D64E97221561B25400B7A864 /* AuthenticationViewController.m */ = {isa = PBXFileReference; lastKnownFileType = sourcecode.c.objc; path = AuthenticationViewController.m; sourceTree = "<group>"; };
		D64E972A1561B2E100B7A864 /* Network.h */ = {isa = PBXFileReference; fileEncoding = 4; lastKnownFileType = sourcecode.c.h; path = Network.h; sourceTree = "<group>"; };
		D64E972B1561B2E100B7A864 /* Network.pch */ = {isa = PBXFileReference; fileEncoding = 4; lastKnownFileType = sourcecode.c.h; path = Network.pch; sourceTree = "<group>"; };
		D64E972C1561B2E100B7A864 /* Query.h */ = {isa = PBXFileReference; fileEncoding = 4; lastKnownFileType = sourcecode.c.h; path = Query.h; sourceTree = "<group>"; };
		D64E972D1561B2E100B7A864 /* Query.m */ = {isa = PBXFileReference; fileEncoding = 4; lastKnownFileType = sourcecode.c.objc; path = Query.m; sourceTree = "<group>"; };
		D64E972E1561B2E100B7A864 /* QueryManager.h */ = {isa = PBXFileReference; fileEncoding = 4; lastKnownFileType = sourcecode.c.h; path = QueryManager.h; sourceTree = "<group>"; };
		D64E972F1561B2E100B7A864 /* QueryManager.m */ = {isa = PBXFileReference; fileEncoding = 4; lastKnownFileType = sourcecode.c.objc; path = QueryManager.m; sourceTree = "<group>"; };
		D64E97301561B2E100B7A864 /* URLCache.h */ = {isa = PBXFileReference; fileEncoding = 4; lastKnownFileType = sourcecode.c.h; path = URLCache.h; sourceTree = "<group>"; };
		D64E97311561B2E100B7A864 /* URLCache.m */ = {isa = PBXFileReference; fileEncoding = 4; lastKnownFileType = sourcecode.c.objc; path = URLCache.m; sourceTree = "<group>"; };
		D682DB781567EF7900DE57B3 /* SubReddit.h */ = {isa = PBXFileReference; fileEncoding = 4; lastKnownFileType = sourcecode.c.h; path = SubReddit.h; sourceTree = "<group>"; };
		D682DB791567EF7900DE57B3 /* SubReddit.m */ = {isa = PBXFileReference; fileEncoding = 4; lastKnownFileType = sourcecode.c.objc; path = SubReddit.m; sourceTree = "<group>"; };
		D6B706C81561C31000F8C35E /* JSONKit.h */ = {isa = PBXFileReference; fileEncoding = 4; lastKnownFileType = sourcecode.c.h; name = JSONKit.h; path = RB1/JSONKit/JSONKit.h; sourceTree = SOURCE_ROOT; };
		D6B706C91561C31000F8C35E /* JSONKit.m */ = {isa = PBXFileReference; fileEncoding = 4; lastKnownFileType = sourcecode.c.objc; name = JSONKit.m; path = RB1/JSONKit/JSONKit.m; sourceTree = SOURCE_ROOT; };
/* End PBXFileReference section */

/* Begin PBXFrameworksBuildPhase section */
		D64E97051561B25400B7A864 /* Frameworks */ = {
			isa = PBXFrameworksBuildPhase;
			buildActionMask = 2147483647;
			files = (
				D64E970D1561B25400B7A864 /* UIKit.framework in Frameworks */,
				D64E970F1561B25400B7A864 /* Foundation.framework in Frameworks */,
				D64E97111561B25400B7A864 /* CoreGraphics.framework in Frameworks */,
			);
			runOnlyForDeploymentPostprocessing = 0;
		};
/* End PBXFrameworksBuildPhase section */

/* Begin PBXGroup section */
		D60F839415696180002DF94B /* Categories */ = {
			isa = PBXGroup;
			children = (
				D60F83951569619A002DF94B /* NSString+QueryString.h */,
				D60F83961569619A002DF94B /* NSString+QueryString.m */,
				D60F839C15743C18002DF94B /* NSString+TimeInterval.h */,
				D60F839D15743C18002DF94B /* NSString+TimeInterval.m */,
			);
			name = Categories;
			sourceTree = "<group>";
		};
		D62A10BB156205F3007DC36C /* Application */ = {
			isa = PBXGroup;
			children = (
				D64E971B1561B25400B7A864 /* AppDelegate.h */,
				D64E971C1561B25400B7A864 /* AppDelegate.m */,
				D62A10B61561E50D007DC36C /* DataProvider+private.h */,
				D6411E941561BB080056665A /* DataProvider.h */,
				D6411E951561BB080056665A /* DataProvider.m */,
			);
			name = Application;
			sourceTree = "<group>";
		};
		D62A10BC156205FF007DC36C /* Model */ = {
			isa = PBXGroup;
			children = (
				D6411E971561BBE40056665A /* User.h */,
				D6411E981561BBE40056665A /* User.m */,
				D682DB781567EF7900DE57B3 /* SubReddit.h */,
				D682DB791567EF7900DE57B3 /* SubReddit.m */,
				D60F83911569567E002DF94B /* Thing.h */,
				D60F83921569567E002DF94B /* Thing.m */,
			);
			name = Model;
			sourceTree = "<group>";
		};
		D62A10BD1562060F007DC36C /* ViewControllers */ = {
			isa = PBXGroup;
			children = (
				D64E971E1561B25400B7A864 /* MainStoryboard.storyboard */,
				D64E97211561B25400B7A864 /* AuthenticationViewController.h */,
				D64E97221561B25400B7A864 /* AuthenticationViewController.m */,
				D60F838B1569414B002DF94B /* HomeViewController.h */,
				D60F838C1569414B002DF94B /* HomeViewController.m */,
				D60F838E156949DD002DF94B /* HomeInfoView.h */,
				D60F838F156949DD002DF94B /* HomeInfoView.m */,
				D612B948156C5BE000CC5199 /* HomeInfoViewTableCell.h */,
				D612B949156C5BE000CC5199 /* HomeInfoViewTableCell.m */,
				D612B94C156C5EDD00CC5199 /* HomeInfoViewTableCell.xib */,
			);
			name = ViewControllers;
			sourceTree = "<group>";
		};
		D6411E8B1561B6890056665A /* JSONKit */ = {
			isa = PBXGroup;
			children = (
				D6B706C81561C31000F8C35E /* JSONKit.h */,
				D6B706C91561C31000F8C35E /* JSONKit.m */,
			);
			name = JSONKit;
			path = Source;
			sourceTree = "<group>";
		};
		D64E96FD1561B25400B7A864 = {
			isa = PBXGroup;
			children = (
				D64E97121561B25400B7A864 /* RB1 */,
				D64E970B1561B25400B7A864 /* Frameworks */,
				D64E97091561B25400B7A864 /* Products */,
			);
			sourceTree = "<group>";
		};
		D64E97091561B25400B7A864 /* Products */ = {
			isa = PBXGroup;
			children = (
				D64E97081561B25400B7A864 /* RB1.app */,
			);
			name = Products;
			sourceTree = "<group>";
		};
		D64E970B1561B25400B7A864 /* Frameworks */ = {
			isa = PBXGroup;
			children = (
				D64E970C1561B25400B7A864 /* UIKit.framework */,
				D64E970E1561B25400B7A864 /* Foundation.framework */,
				D64E97101561B25400B7A864 /* CoreGraphics.framework */,
			);
			name = Frameworks;
			sourceTree = "<group>";
		};
		D64E97121561B25400B7A864 /* RB1 */ = {
			isa = PBXGroup;
			children = (
				D60F839415696180002DF94B /* Categories */,
				D6411E8B1561B6890056665A /* JSONKit */,
				D64E97291561B2E100B7A864 /* Network */,
				D62A10BB156205F3007DC36C /* Application */,
				D62A10BD1562060F007DC36C /* ViewControllers */,
				D64E97131561B25400B7A864 /* Supporting Files */,
				D62A10BC156205FF007DC36C /* Model */,
			);
			path = RB1;
			sourceTree = "<group>";
		};
		D64E97131561B25400B7A864 /* Supporting Files */ = {
			isa = PBXGroup;
			children = (
				D64E97141561B25400B7A864 /* RB1-Info.plist */,
				D64E97151561B25400B7A864 /* InfoPlist.strings */,
				D64E97181561B25400B7A864 /* main.m */,
				D64E971A1561B25400B7A864 /* RB1-Prefix.pch */,
			);
			name = "Supporting Files";
			sourceTree = "<group>";
		};
		D64E97291561B2E100B7A864 /* Network */ = {
			isa = PBXGroup;
			children = (
				D64E972A1561B2E100B7A864 /* Network.h */,
				D64E972B1561B2E100B7A864 /* Network.pch */,
				D64E972C1561B2E100B7A864 /* Query.h */,
				D64E972D1561B2E100B7A864 /* Query.m */,
				D64E972E1561B2E100B7A864 /* QueryManager.h */,
				D64E972F1561B2E100B7A864 /* QueryManager.m */,
				D64E97301561B2E100B7A864 /* URLCache.h */,
				D64E97311561B2E100B7A864 /* URLCache.m */,
			);
			path = Network;
			sourceTree = "<group>";
		};
/* End PBXGroup section */

/* Begin PBXNativeTarget section */
		D64E97071561B25400B7A864 /* RB1 */ = {
			isa = PBXNativeTarget;
			buildConfigurationList = D64E97261561B25400B7A864 /* Build configuration list for PBXNativeTarget "RB1" */;
			buildPhases = (
				D64E97041561B25400B7A864 /* Sources */,
				D64E97051561B25400B7A864 /* Frameworks */,
				D64E97061561B25400B7A864 /* Resources */,
			);
			buildRules = (
			);
			dependencies = (
			);
			name = RB1;
			productName = RB1;
			productReference = D64E97081561B25400B7A864 /* RB1.app */;
			productType = "com.apple.product-type.application";
		};
/* End PBXNativeTarget section */

/* Begin PBXProject section */
		D64E96FF1561B25400B7A864 /* Project object */ = {
			isa = PBXProject;
			attributes = {
				LastUpgradeCheck = 0430;
				ORGANIZATIONNAME = DmgCtrl;
			};
			buildConfigurationList = D64E97021561B25400B7A864 /* Build configuration list for PBXProject "RB1" */;
			compatibilityVersion = "Xcode 3.2";
			developmentRegion = English;
			hasScannedForEncodings = 0;
			knownRegions = (
				en,
			);
			mainGroup = D64E96FD1561B25400B7A864;
			productRefGroup = D64E97091561B25400B7A864 /* Products */;
			projectDirPath = "";
			projectRoot = "";
			targets = (
				D64E97071561B25400B7A864 /* RB1 */,
			);
		};
/* End PBXProject section */

/* Begin PBXResourcesBuildPhase section */
		D64E97061561B25400B7A864 /* Resources */ = {
			isa = PBXResourcesBuildPhase;
			buildActionMask = 2147483647;
			files = (
				D64E97171561B25400B7A864 /* InfoPlist.strings in Resources */,
				D64E97201561B25400B7A864 /* MainStoryboard.storyboard in Resources */,
				D612B94D156C5EDD00CC5199 /* HomeInfoViewTableCell.xib in Resources */,
			);
			runOnlyForDeploymentPostprocessing = 0;
		};
/* End PBXResourcesBuildPhase section */

/* Begin PBXSourcesBuildPhase section */
		D64E97041561B25400B7A864 /* Sources */ = {
			isa = PBXSourcesBuildPhase;
			buildActionMask = 2147483647;
			files = (
				D64E97191561B25400B7A864 /* main.m in Sources */,
				D64E971D1561B25400B7A864 /* AppDelegate.m in Sources */,
				D64E97231561B25400B7A864 /* AuthenticationViewController.m in Sources */,
				D64E97321561B2E100B7A864 /* Query.m in Sources */,
				D64E97331561B2E100B7A864 /* QueryManager.m in Sources */,
				D64E97341561B2E100B7A864 /* URLCache.m in Sources */,
				D6411E961561BB080056665A /* DataProvider.m in Sources */,
				D6411E991561BBE40056665A /* User.m in Sources */,
				D6B706CA1561C31000F8C35E /* JSONKit.m in Sources */,
				D682DB7A1567EF7900DE57B3 /* SubReddit.m in Sources */,
				D60F838D1569414B002DF94B /* HomeViewController.m in Sources */,
				D60F8390156949DD002DF94B /* HomeInfoView.m in Sources */,
				D60F83931569567E002DF94B /* Thing.m in Sources */,
				D60F83971569619A002DF94B /* NSString+QueryString.m in Sources */,
				D612B94A156C5BE000CC5199 /* HomeInfoViewTableCell.m in Sources */,
				D60F839E15743C18002DF94B /* NSString+TimeInterval.m in Sources */,
			);
			runOnlyForDeploymentPostprocessing = 0;
		};
/* End PBXSourcesBuildPhase section */

/* Begin PBXVariantGroup section */
		D64E97151561B25400B7A864 /* InfoPlist.strings */ = {
			isa = PBXVariantGroup;
			children = (
				D64E97161561B25400B7A864 /* en */,
			);
			name = InfoPlist.strings;
			sourceTree = "<group>";
		};
		D64E971E1561B25400B7A864 /* MainStoryboard.storyboard */ = {
			isa = PBXVariantGroup;
			children = (
				D64E971F1561B25400B7A864 /* en */,
			);
			name = MainStoryboard.storyboard;
			sourceTree = "<group>";
		};
/* End PBXVariantGroup section */

/* Begin XCBuildConfiguration section */
		D64E97241561B25400B7A864 /* Debug */ = {
			isa = XCBuildConfiguration;
			buildSettings = {
				ALWAYS_SEARCH_USER_PATHS = NO;
				ARCHS = "$(ARCHS_STANDARD_32_BIT)";
				CLANG_ENABLE_OBJC_ARC = YES;
				"CODE_SIGN_IDENTITY[sdk=iphoneos*]" = "iPhone Developer";
				COPY_PHASE_STRIP = NO;
				GCC_C_LANGUAGE_STANDARD = gnu99;
				GCC_DYNAMIC_NO_PIC = NO;
				GCC_OPTIMIZATION_LEVEL = 0;
				GCC_PREPROCESSOR_DEFINITIONS = (
					"DEBUG=1",
					"$(inherited)",
				);
				GCC_SYMBOLS_PRIVATE_EXTERN = NO;
				GCC_VERSION = com.apple.compilers.llvm.clang.1_0;
				GCC_WARN_ABOUT_RETURN_TYPE = YES;
				GCC_WARN_UNINITIALIZED_AUTOS = YES;
				GCC_WARN_UNUSED_VARIABLE = YES;
				IPHONEOS_DEPLOYMENT_TARGET = 5.1;
				SDKROOT = iphoneos;
				TARGETED_DEVICE_FAMILY = 2;
			};
			name = Debug;
		};
		D64E97251561B25400B7A864 /* Release */ = {
			isa = XCBuildConfiguration;
			buildSettings = {
				ALWAYS_SEARCH_USER_PATHS = NO;
				ARCHS = "$(ARCHS_STANDARD_32_BIT)";
				CLANG_ENABLE_OBJC_ARC = YES;
				"CODE_SIGN_IDENTITY[sdk=iphoneos*]" = "iPhone Developer";
				COPY_PHASE_STRIP = YES;
				GCC_C_LANGUAGE_STANDARD = gnu99;
				GCC_VERSION = com.apple.compilers.llvm.clang.1_0;
				GCC_WARN_ABOUT_RETURN_TYPE = YES;
				GCC_WARN_UNINITIALIZED_AUTOS = YES;
				GCC_WARN_UNUSED_VARIABLE = YES;
				IPHONEOS_DEPLOYMENT_TARGET = 5.1;
				OTHER_CFLAGS = "-DNS_BLOCK_ASSERTIONS=1";
				SDKROOT = iphoneos;
				TARGETED_DEVICE_FAMILY = 2;
				VALIDATE_PRODUCT = YES;
			};
			name = Release;
		};
		D64E97271561B25400B7A864 /* Debug */ = {
			isa = XCBuildConfiguration;
			buildSettings = {
				GCC_PRECOMPILE_PREFIX_HEADER = YES;
				GCC_PREFIX_HEADER = "RB1/RB1-Prefix.pch";
				INFOPLIST_FILE = "RB1/RB1-Info.plist";
				PRODUCT_NAME = "$(TARGET_NAME)";
				WRAPPER_EXTENSION = app;
			};
			name = Debug;
		};
		D64E97281561B25400B7A864 /* Release */ = {
			isa = XCBuildConfiguration;
			buildSettings = {
				GCC_PRECOMPILE_PREFIX_HEADER = YES;
				GCC_PREFIX_HEADER = "RB1/RB1-Prefix.pch";
				INFOPLIST_FILE = "RB1/RB1-Info.plist";
				PRODUCT_NAME = "$(TARGET_NAME)";
				WRAPPER_EXTENSION = app;
			};
			name = Release;
		};
/* End XCBuildConfiguration section */

/* Begin XCConfigurationList section */
		D64E97021561B25400B7A864 /* Build configuration list for PBXProject "RB1" */ = {
			isa = XCConfigurationList;
			buildConfigurations = (
				D64E97241561B25400B7A864 /* Debug */,
				D64E97251561B25400B7A864 /* Release */,
			);
			defaultConfigurationIsVisible = 0;
			defaultConfigurationName = Release;
		};
		D64E97261561B25400B7A864 /* Build configuration list for PBXNativeTarget "RB1" */ = {
			isa = XCConfigurationList;
			buildConfigurations = (
				D64E97271561B25400B7A864 /* Debug */,
				D64E97281561B25400B7A864 /* Release */,
			);
			defaultConfigurationIsVisible = 0;
			defaultConfigurationName = Release;
		};
/* End XCConfigurationList section */
	};
	rootObject = D64E96FF1561B25400B7A864 /* Project object */;
}
